
Microsoft Visual Studio Solution File, Format Version 12.00
# Visual Studio 15
VisualStudioVersion = 15.0.28010.2026
MinimumVisualStudioVersion = 10.0.40219.1
Project("{FAE04EC0-301F-11D3-BF4B-00C04F79EFBC}") = "ValidacaoPersonalizada", "ValidacaoPersonalizada\ValidacaoPersonalizada.csproj", "{BB4EA7DE-8DE3-401A-8FC9-91101E473D65}"
EndProject
Global
	GlobalSection(SolutionConfigurationPlatforms) = preSolution
		Debug|Any CPU = Debug|Any CPU
		Release|Any CPU = Release|Any CPU
	EndGlobalSection
	GlobalSection(ProjectConfigurationPlatforms) = postSolution
		{BB4EA7DE-8DE3-401A-8FC9-91101E473D65}.Debug|Any CPU.ActiveCfg = Debug|Any CPU
		{BB4EA7DE-8DE3-401A-8FC9-91101E473D65}.Debug|Any CPU.Build.0 = Debug|Any CPU
		{BB4EA7DE-8DE3-401A-8FC9-91101E473D65}.Release|Any CPU.ActiveCfg = Release|Any CPU
		{BB4EA7DE-8DE3-401A-8FC9-91101E473D65}.Release|Any CPU.Build.0 = Release|Any CPU
	EndGlobalSection
	GlobalSection(SolutionProperties) = preSolution
		HideSolutionNode = FALSE
	EndGlobalSection
	GlobalSection(ExtensibilityGlobals) = postSolution
		SolutionGuid = {F6EEC7A1-2BDB-4D4F-98B6-6553C0E0643A}
	EndGlobalSection
EndGlobal
